
Microsoft Visual Studio Solution File, Format Version 12.00
# Visual Studio Version 16
VisualStudioVersion = 16.0.31624.102
MinimumVisualStudioVersion = 10.0.40219.1
Project("{9A19103F-16F7-4668-BE54-9A1E7A4F7556}") = "Sparky", "Sparky\Sparky.csproj", "{E539DAA7-E024-4847-9704-BFE4C3CEBAC3}"
EndProject
Project("{9A19103F-16F7-4668-BE54-9A1E7A4F7556}") = "SparkyMSTest", "SparkyMSTest\SparkyMSTest.csproj", "{DF208C93-BBC7-4AD3-9A72-DC01D7634505}"
EndProject
Project("{9A19103F-16F7-4668-BE54-9A1E7A4F7556}") = "SparkyNUnitTest", "SparkyNUnitTest\SparkyNUnitTest.csproj", "{CB2FA2D1-DDFC-4E6D-AA69-7000625EBAD1}"
EndProject
Project("{FAE04EC0-301F-11D3-BF4B-00C04F79EFBC}") = "SparkyXUnit", "SparkyXUnit\SparkyXUnit.csproj", "{4B71A337-C19A-4700-ACB8-D8FA2D0865E0}"
EndProject
Global
	GlobalSection(SolutionConfigurationPlatforms) = preSolution
		Debug|Any CPU = Debug|Any CPU
		Release|Any CPU = Release|Any CPU
	EndGlobalSection
	GlobalSection(ProjectConfigurationPlatforms) = postSolution
		{E539DAA7-E024-4847-9704-BFE4C3CEBAC3}.Debug|Any CPU.ActiveCfg = Debug|Any CPU
		{E539DAA7-E024-4847-9704-BFE4C3CEBAC3}.Debug|Any CPU.Build.0 = Debug|Any CPU
		{E539DAA7-E024-4847-9704-BFE4C3CEBAC3}.Release|Any CPU.ActiveCfg = Release|Any CPU
		{E539DAA7-E024-4847-9704-BFE4C3CEBAC3}.Release|Any CPU.Build.0 = Release|Any CPU
		{DF208C93-BBC7-4AD3-9A72-DC01D7634505}.Debug|Any CPU.ActiveCfg = Debug|Any CPU
		{DF208C93-BBC7-4AD3-9A72-DC01D7634505}.Debug|Any CPU.Build.0 = Debug|Any CPU
		{DF208C93-BBC7-4AD3-9A72-DC01D7634505}.Release|Any CPU.ActiveCfg = Release|Any CPU
		{DF208C93-BBC7-4AD3-9A72-DC01D7634505}.Release|Any CPU.Build.0 = Release|Any CPU
		{CB2FA2D1-DDFC-4E6D-AA69-7000625EBAD1}.Debug|Any CPU.ActiveCfg = Debug|Any CPU
		{CB2FA2D1-DDFC-4E6D-AA69-7000625EBAD1}.Debug|Any CPU.Build.0 = Debug|Any CPU
		{CB2FA2D1-DDFC-4E6D-AA69-7000625EBAD1}.Release|Any CPU.ActiveCfg = Release|Any CPU
		{CB2FA2D1-DDFC-4E6D-AA69-7000625EBAD1}.Release|Any CPU.Build.0 = Release|Any CPU
		{4B71A337-C19A-4700-ACB8-D8FA2D0865E0}.Debug|Any CPU.ActiveCfg = Debug|Any CPU
		{4B71A337-C19A-4700-ACB8-D8FA2D0865E0}.Debug|Any CPU.Build.0 = Debug|Any CPU
		{4B71A337-C19A-4700-ACB8-D8FA2D0865E0}.Release|Any CPU.ActiveCfg = Release|Any CPU
		{4B71A337-C19A-4700-ACB8-D8FA2D0865E0}.Release|Any CPU.Build.0 = Release|Any CPU
	EndGlobalSection
	GlobalSection(SolutionProperties) = preSolution
		HideSolutionNode = FALSE
	EndGlobalSection
	GlobalSection(ExtensibilityGlobals) = postSolution
		SolutionGuid = {4D43C2C0-25FE-44EC-82A6-9C77477FEF8A}
	EndGlobalSection
EndGlobal
